
Microsoft Visual Studio Solution File, Format Version 12.00
# Visual Studio Version 17
VisualStudioVersion = 17.13.35931.197 d17.13
MinimumVisualStudioVersion = 10.0.40219.1
Project("{FAE04EC0-301F-11D3-BF4B-00C04F79EFBC}") = "MVC_Demo2", "MVC_Demo2\MVC_Demo2.csproj", "{FDBFECBF-D41A-48D5-9D0D-90D3BC3FA2A3}"
EndProject
Global
	GlobalSection(SolutionConfigurationPlatforms) = preSolution
		Debug|Any CPU = Debug|Any CPU
		Release|Any CPU = Release|Any CPU
	EndGlobalSection
	GlobalSection(ProjectConfigurationPlatforms) = postSolution
		{FDBFECBF-D41A-48D5-9D0D-90D3BC3FA2A3}.Debug|Any CPU.ActiveCfg = Debug|Any CPU
		{FDBFECBF-D41A-48D5-9D0D-90D3BC3FA2A3}.Debug|Any CPU.Build.0 = Debug|Any CPU
		{FDBFECBF-D41A-48D5-9D0D-90D3BC3FA2A3}.Release|Any CPU.ActiveCfg = Release|Any CPU
		{FDBFECBF-D41A-48D5-9D0D-90D3BC3FA2A3}.Release|Any CPU.Build.0 = Release|Any CPU
	EndGlobalSection
	GlobalSection(SolutionProperties) = preSolution
		HideSolutionNode = FALSE
	EndGlobalSection
	GlobalSection(ExtensibilityGlobals) = postSolution
		SolutionGuid = {CFDF110D-D097-4884-A4F8-FA60E5A43C14}
	EndGlobalSection
EndGlobal
